<?xml version="1.0" encoding="utf-8"?>
<Project ToolsVersion="4.0" xmlns="http://schemas.microsoft.com/developer/msbuild/2003">
  <ItemGroup>
    <Filter Include="Source Files">
      <UniqueIdentifier>{4FC737F1-C7A5-4376-A066-2A32D752A2FF}</UniqueIdentifier>
      <Extensions>cpp;c;cc;cxx;def;odl;idl;hpj;bat;asm;asmx</Extensions>
    </Filter>
    <Filter Include="Header Files">
      <UniqueIdentifier>{93995380-89BD-4b04-88EB-625FBE52EBFB}</UniqueIdentifier>
      <Extensions>h;hh;hpp;hxx;hm;inl;inc;xsd</Extensions>
    </Filter>
    <Filter Include="Resource Files">
      <UniqueIdentifier>{67DA6AB6-F800-4c08-8B7A-83BB121AAD01}</UniqueIdentifier>
      <Extensions>rc;ico;cur;bmp;dlg;rc2;rct;bin;rgs;gif;jpg;jpeg;jpe;resx;tiff;tif;png;wav</Extensions>
    </Filter>
  </ItemGroup>
  <ItemGroup>
    <ClCompile Include="decoder\build\cmakefiles\feature_tests.cxx">
      <Filter>Source Files</Filter>
    </ClCompile>
    <ClCompile Include="decoder\build\cmakefiles\feature_tests.c">
      <Filter>Source Files</Filter>
    </ClCompile>
    <ClCompile Include="decoder\build\cmakefiles\3.7.0\compileridc\CMakeCCompilerId.c">
      <Filter>Source Files</Filter>
    </ClCompile>
    <ClCompile Include="decoder\build\cmakefiles\3.7.0\compileridcxx\CMakeCXXCompilerId.cpp">
      <Filter>Source Files</Filter>
    </ClCompile>
    <ClCompile Include="decoder\src\ChannelDispatcher.cpp">
      <Filter>Source Files</Filter>
    </ClCompile>
    <ClCompile Include="decoder\src\ChannelPacket.cpp">
      <Filter>Source Files</Filter>
    </ClCompile>
    <ClCompile Include="decoder\src\ChannelWriter.cpp">
      <Filter>Source Files</Filter>
    </ClCompile>
    <ClCompile Include="decoder\src\Display.cpp">
      <Filter>Source Files</Filter>
    </ClCompile>
    <ClCompile Include="decoder\src\newdecoder.cpp">
      <Filter>Source Files</Filter>
    </ClCompile>
    <ClCompile Include="decoder\src\Statistics.cpp">
      <Filter>Source Files</Filter>
    </ClCompile>
    <ClCompile Include="decoder\src\StatisticsDispatcher.cpp">
      <Filter>Source Files</Filter>
    </ClCompile>
    <ClCompile Include="demodulator\build\cmakefiles\feature_tests.cxx">
      <Filter>Source Files</Filter>
    </ClCompile>
    <ClCompile Include="demodulator\build\cmakefiles\feature_tests.c">
      <Filter>Source Files</Filter>
    </ClCompile>
    <ClCompile Include="demodulator\build\cmakefiles\3.7.0\compileridc\CMakeCCompilerId.c">
      <Filter>Source Files</Filter>
    </ClCompile>
    <ClCompile Include="demodulator\build\cmakefiles\3.7.0\compileridcxx\CMakeCXXCompilerId.cpp">
      <Filter>Source Files</Filter>
    </ClCompile>
    <ClCompile Include="demodulator\src\AirspyDevice.cpp">
      <Filter>Source Files</Filter>
    </ClCompile>
    <ClCompile Include="demodulator\src\CFileFrontend.cpp">
      <Filter>Source Files</Filter>
    </ClCompile>
    <ClCompile Include="demodulator\src\demodulator.cpp">
      <Filter>Source Files</Filter>
    </ClCompile>
    <ClCompile Include="demodulator\src\SymbolManager.cpp">
      <Filter>Source Files</Filter>
    </ClCompile>
  </ItemGroup>
  <ItemGroup>
    <ClInclude Include="decoder\src\ChannelDispatcher.h">
      <Filter>Header Files</Filter>
    </ClInclude>
    <ClInclude Include="decoder\src\ChannelPacket.h">
      <Filter>Header Files</Filter>
    </ClInclude>
    <ClInclude Include="decoder\src\ChannelWriter.h">
      <Filter>Header Files</Filter>
    </ClInclude>
    <ClInclude Include="decoder\src\Display.h">
      <Filter>Header Files</Filter>
    </ClInclude>
    <ClInclude Include="decoder\src\Statistics.h">
      <Filter>Header Files</Filter>
    </ClInclude>
    <ClInclude Include="decoder\src\StatisticsDispatcher.h">
      <Filter>Header Files</Filter>
    </ClInclude>
    <ClInclude Include="demodulator\src\AirspyDevice.h">
      <Filter>Header Files</Filter>
    </ClInclude>
    <ClInclude Include="demodulator\src\CFileFrontend.h">
      <Filter>Header Files</Filter>
    </ClInclude>
    <ClInclude Include="demodulator\src\FrontendDevice.h">
      <Filter>Header Files</Filter>
    </ClInclude>
    <ClInclude Include="demodulator\src\Parameters.h">
      <Filter>Header Files</Filter>
    </ClInclude>
    <ClInclude Include="demodulator\src\SymbolManager.h">
      <Filter>Header Files</Filter>
    </ClInclude>
  </ItemGroup>
  <ItemGroup>
    <None Include="decoder\build\cmakefiles\feature_tests.bin">
      <Filter>Resource Files</Filter>
    </None>
    <None Include="decoder\build\cmakefiles\3.7.0\CMakeDetermineCompilerABI_C.bin">
      <Filter>Resource Files</Filter>
    </None>
    <None Include="decoder\build\cmakefiles\3.7.0\CMakeDetermineCompilerABI_CXX.bin">
      <Filter>Resource Files</Filter>
    </None>
    <None Include="demodulator\build\cmakefiles\feature_tests.bin">
      <Filter>Resource Files</Filter>
    </None>
    <None Include="demodulator\build\cmakefiles\3.7.0\CMakeDetermineCompilerABI_C.bin">
      <Filter>Resource Files</Filter>
    </None>
    <None Include="demodulator\build\cmakefiles\3.7.0\CMakeDetermineCompilerABI_CXX.bin">
      <Filter>Resource Files</Filter>
    </None>
    <None Include="decoder\build\cmakefiles\xritdecoder.dir\CXX.includecache" />
    <None Include="demodulator\build\cmakefiles\xritdemodulator.dir\CXX.includecache" />
  </ItemGroup>
</Project>